
Microsoft Visual Studio Solution File, Format Version 12.00
# Visual Studio Version 16
VisualStudioVersion = 16.0.29215.179
MinimumVisualStudioVersion = 10.0.40219.1
Project("{FAE04EC0-301F-11D3-BF4B-00C04F79EFBC}") = "DKD-Sokaban", "DKD-Sokaban\DKD-Sokaban.csproj", "{886CD787-7626-4564-8F71-7FB40B5CC42D}"
EndProject
Global
	GlobalSection(SolutionConfigurationPlatforms) = preSolution
		Debug|Any CPU = Debug|Any CPU
		Release|Any CPU = Release|Any CPU
	EndGlobalSection
	GlobalSection(ProjectConfigurationPlatforms) = postSolution
		{886CD787-7626-4564-8F71-7FB40B5CC42D}.Debug|Any CPU.ActiveCfg = Debug|Any CPU
		{886CD787-7626-4564-8F71-7FB40B5CC42D}.Debug|Any CPU.Build.0 = Debug|Any CPU
		{886CD787-7626-4564-8F71-7FB40B5CC42D}.Release|Any CPU.ActiveCfg = Release|Any CPU
		{886CD787-7626-4564-8F71-7FB40B5CC42D}.Release|Any CPU.Build.0 = Release|Any CPU
	EndGlobalSection
	GlobalSection(SolutionProperties) = preSolution
		HideSolutionNode = FALSE
	EndGlobalSection
	GlobalSection(ExtensibilityGlobals) = postSolution
		SolutionGuid = {33492FF6-A561-4D84-8D37-99681E9A383B}
	EndGlobalSection
EndGlobal
